
Microsoft Visual Studio Solution File, Format Version 12.00
# Visual Studio Version 16
VisualStudioVersion = 16.0.32510.428
MinimumVisualStudioVersion = 10.0.40219.1
Project("{FAE04EC0-301F-11D3-BF4B-00C04F79EFBC}") = "Entities", "Entities\Entities.csproj", "{E8340954-64EE-4BA0-BEFA-B24E716E8F1F}"
EndProject
Project("{FAE04EC0-301F-11D3-BF4B-00C04F79EFBC}") = "DataAccess", "DataAccess\DataAccess.csproj", "{D69436AB-FEE9-4F7F-A1E3-B463651370BB}"
EndProject
Project("{FAE04EC0-301F-11D3-BF4B-00C04F79EFBC}") = "Business", "Business\Business.csproj", "{CD109C02-CC19-42E4-8721-9F197BE65DCA}"
EndProject
Project("{FAE04EC0-301F-11D3-BF4B-00C04F79EFBC}") = "Core", "Core\Core.csproj", "{EFC69287-8F48-480F-8B4D-21F89038CCFB}"
EndProject
Project("{FAE04EC0-301F-11D3-BF4B-00C04F79EFBC}") = "WebAPI", "WebAPI\WebAPI.csproj", "{E7E1766B-02D4-40FF-995E-DBFAF7C2D34D}"
EndProject
Global
	GlobalSection(SolutionConfigurationPlatforms) = preSolution
		Debug|Any CPU = Debug|Any CPU
		Release|Any CPU = Release|Any CPU
	EndGlobalSection
	GlobalSection(ProjectConfigurationPlatforms) = postSolution
		{E8340954-64EE-4BA0-BEFA-B24E716E8F1F}.Debug|Any CPU.ActiveCfg = Debug|Any CPU
		{E8340954-64EE-4BA0-BEFA-B24E716E8F1F}.Debug|Any CPU.Build.0 = Debug|Any CPU
		{E8340954-64EE-4BA0-BEFA-B24E716E8F1F}.Release|Any CPU.ActiveCfg = Release|Any CPU
		{E8340954-64EE-4BA0-BEFA-B24E716E8F1F}.Release|Any CPU.Build.0 = Release|Any CPU
		{D69436AB-FEE9-4F7F-A1E3-B463651370BB}.Debug|Any CPU.ActiveCfg = Debug|Any CPU
		{D69436AB-FEE9-4F7F-A1E3-B463651370BB}.Debug|Any CPU.Build.0 = Debug|Any CPU
		{D69436AB-FEE9-4F7F-A1E3-B463651370BB}.Release|Any CPU.ActiveCfg = Release|Any CPU
		{D69436AB-FEE9-4F7F-A1E3-B463651370BB}.Release|Any CPU.Build.0 = Release|Any CPU
		{CD109C02-CC19-42E4-8721-9F197BE65DCA}.Debug|Any CPU.ActiveCfg = Debug|Any CPU
		{CD109C02-CC19-42E4-8721-9F197BE65DCA}.Debug|Any CPU.Build.0 = Debug|Any CPU
		{CD109C02-CC19-42E4-8721-9F197BE65DCA}.Release|Any CPU.ActiveCfg = Release|Any CPU
		{CD109C02-CC19-42E4-8721-9F197BE65DCA}.Release|Any CPU.Build.0 = Release|Any CPU
		{EFC69287-8F48-480F-8B4D-21F89038CCFB}.Debug|Any CPU.ActiveCfg = Debug|Any CPU
		{EFC69287-8F48-480F-8B4D-21F89038CCFB}.Debug|Any CPU.Build.0 = Debug|Any CPU
		{EFC69287-8F48-480F-8B4D-21F89038CCFB}.Release|Any CPU.ActiveCfg = Release|Any CPU
		{EFC69287-8F48-480F-8B4D-21F89038CCFB}.Release|Any CPU.Build.0 = Release|Any CPU
		{E7E1766B-02D4-40FF-995E-DBFAF7C2D34D}.Debug|Any CPU.ActiveCfg = Debug|Any CPU
		{E7E1766B-02D4-40FF-995E-DBFAF7C2D34D}.Debug|Any CPU.Build.0 = Debug|Any CPU
		{E7E1766B-02D4-40FF-995E-DBFAF7C2D34D}.Release|Any CPU.ActiveCfg = Release|Any CPU
		{E7E1766B-02D4-40FF-995E-DBFAF7C2D34D}.Release|Any CPU.Build.0 = Release|Any CPU
	EndGlobalSection
	GlobalSection(SolutionProperties) = preSolution
		HideSolutionNode = FALSE
	EndGlobalSection
	GlobalSection(ExtensibilityGlobals) = postSolution
		SolutionGuid = {C2ED273C-2018-4D64-AAA4-AF08BE8B69B7}
	EndGlobalSection
EndGlobal
